{
  "name": "accessibility-for-everyone-site",
  "version": "1.0.0",
  "lockfileVersion": 3,
  "requires": true,
  "packages": {
    "": {
      "name": "accessibility-for-everyone-site",
      "version": "1.0.0",
      "license": "AGPL-version-3.0",
      "dependencies": {
        "@small-web/kitten": "^5.2.0"
      },
      "engines": {
        "node": "22.11.0",
        "npm": ">= 10.9.0"
      },
      "funding": {
        "type": "foundation",
        "url": "https://small-tech.org/fund-us/"
      }
    },
    "node_modules/@small-web/kitten": {
      "version": "5.2.0",
      "resolved": "https://registry.npmjs.org/@small-web/kitten/-/kitten-5.2.0.tgz",
      "integrity": "sha512-HmmloukAN46rznQOwjBanvxlyozWkiwLeYaVXQOrxj6OStU30GXIQpQYWahOha0VIjt6KAVNq5y/pIBUzfGCpg==",
      "license": "AGPL-version-3.0",
      "dependencies": {
        "@types/markdown-it": "^12.2.3",
        "@types/node": "^22.5.0"
      },
      "engines": {
        "node": ">= 20.5.1",
        "npm": ">= 8.0.0"
      },
      "funding": {
        "type": "foundation",
        "url": "https://small-tech.org/fund-us/"
      }
    },
    "node_modules/@types/linkify-it": {
      "version": "5.0.0",
      "resolved": "https://registry.npmjs.org/@types/linkify-it/-/linkify-it-5.0.0.tgz",
      "integrity": "sha512-sVDA58zAw4eWAffKOaQH5/5j3XeayukzDk+ewSsnv3p4yJEZHCCzMDiZM8e0OUrRvmpGZ85jf4yDHkHsgBNr9Q==",
      "license": "MIT"
    },
    "node_modules/@types/markdown-it": {
      "version": "12.2.3",
      "resolved": "https://registry.npmjs.org/@types/markdown-it/-/markdown-it-12.2.3.tgz",
      "integrity": "sha512-GKMHFfv3458yYy+v/N8gjufHO6MSZKCOXpZc5GXIWWy8uldwfmPn98vp81gZ5f9SVw8YYBctgfJ22a2d7AOMeQ==",
      "license": "MIT",
      "dependencies": {
        "@types/linkify-it": "*",
        "@types/mdurl": "*"
      }
    },
    "node_modules/@types/mdurl": {
      "version": "2.0.0",
      "resolved": "https://registry.npmjs.org/@types/mdurl/-/mdurl-2.0.0.tgz",
      "integrity": "sha512-RGdgjQUZba5p6QEFAVx2OGb8rQDL/cPRG7GiedRzMcJ1tYnUANBncjbSB1NRGwbvjcPeikRABz2nshyPk1bhWg==",
      "license": "MIT"
    },
    "node_modules/@types/node": {
      "version": "22.13.5",
      "resolved": "https://registry.npmjs.org/@types/node/-/node-22.13.5.tgz",
      "integrity": "sha512-+lTU0PxZXn0Dr1NBtC7Y8cR21AJr87dLLU953CWA6pMxxv/UDc7jYAY90upcrie1nRcD6XNG5HOYEDtgW5TxAg==",
      "license": "MIT",
      "dependencies": {
        "undici-types": "~6.20.0"
      }
    },
    "node_modules/undici-types": {
      "version": "6.20.0",
      "resolved": "https://registry.npmjs.org/undici-types/-/undici-types-6.20.0.tgz",
      "integrity": "sha512-Ny6QZ2Nju20vw1SRHe3d9jVu6gJ+4e3+MMpqu7pqE5HT6WsTSlce++GQmK5UXS8mzV8DSYHrQH+Xrf2jVcuKNg==",
      "license": "MIT"
    }
  }
}
